
Microsoft Visual Studio Solution File, Format Version 11.00
# Visual Studio 2010
Project("{FAE04EC0-301F-11D3-BF4B-00C04F79EFBC}") = "SimpleWebTransport", "SimpleWebTransport.csproj", "{a69636c2-dbf0-fdf4-5ac5-cdaa5f1f0349}"
EndProject
Project("{FAE04EC0-301F-11D3-BF4B-00C04F79EFBC}") = "Mirror.Examples", "Mirror.Examples.csproj", "{c36c5f64-15a4-1057-e721-9beb9e755869}"
EndProject
Project("{FAE04EC0-301F-11D3-BF4B-00C04F79EFBC}") = "Mirror", "Mirror.csproj", "{ce550f4b-cbce-2579-523c-239e17da6f6d}"
EndProject
Project("{FAE04EC0-301F-11D3-BF4B-00C04F79EFBC}") = "Mirror.Components", "Mirror.Components.csproj", "{d4b3394b-fda2-cd23-da11-266cfafebaad}"
EndProject
Project("{FAE04EC0-301F-11D3-BF4B-00C04F79EFBC}") = "Telepathy", "Telepathy.csproj", "{0a3c0279-6636-225b-0819-b4b710b1a28f}"
EndProject
Project("{FAE04EC0-301F-11D3-BF4B-00C04F79EFBC}") = "Assembly-CSharp", "Assembly-CSharp.csproj", "{21f289e2-6238-4d27-0c04-ca980a8f47b8}"
EndProject
Project("{FAE04EC0-301F-11D3-BF4B-00C04F79EFBC}") = "kcp2k", "kcp2k.csproj", "{cb06e2e3-0caa-1cd3-7ff1-0e6195d5304a}"
EndProject
Project("{FAE04EC0-301F-11D3-BF4B-00C04F79EFBC}") = "where-allocations", "where-allocations.csproj", "{8a89541c-6a5a-9183-117a-dfb10acffc1c}"
EndProject
Project("{FAE04EC0-301F-11D3-BF4B-00C04F79EFBC}") = "Mirror.Authenticators", "Mirror.Authenticators.csproj", "{6fa3c0aa-76b2-8578-0d97-0d6b1ae660f2}"
EndProject
Project("{FAE04EC0-301F-11D3-BF4B-00C04F79EFBC}") = "Unity.Mirror.CodeGen", "Unity.Mirror.CodeGen.csproj", "{43783fef-3fa2-dd04-485e-30e82f0ab6e1}"
EndProject
Project("{FAE04EC0-301F-11D3-BF4B-00C04F79EFBC}") = "Mirror.Editor", "Mirror.Editor.csproj", "{bc139b8e-299e-72fc-fda4-230a6c9049a3}"
EndProject
Project("{FAE04EC0-301F-11D3-BF4B-00C04F79EFBC}") = "Mirror.CompilerSymbols", "Mirror.CompilerSymbols.csproj", "{e2bf1131-d7db-646b-22de-d3a28ff53a62}"
EndProject
Global
	GlobalSection(SolutionConfigurationPlatforms) = preSolution
		Debug|Any CPU = Debug|Any CPU
	EndGlobalSection
	GlobalSection(ProjectConfigurationPlatforms) = postSolution
		{a69636c2-dbf0-fdf4-5ac5-cdaa5f1f0349}.Debug|Any CPU.ActiveCfg = Debug|Any CPU
		{a69636c2-dbf0-fdf4-5ac5-cdaa5f1f0349}.Debug|Any CPU.Build.0 = Debug|Any CPU
		{c36c5f64-15a4-1057-e721-9beb9e755869}.Debug|Any CPU.ActiveCfg = Debug|Any CPU
		{c36c5f64-15a4-1057-e721-9beb9e755869}.Debug|Any CPU.Build.0 = Debug|Any CPU
		{ce550f4b-cbce-2579-523c-239e17da6f6d}.Debug|Any CPU.ActiveCfg = Debug|Any CPU
		{ce550f4b-cbce-2579-523c-239e17da6f6d}.Debug|Any CPU.Build.0 = Debug|Any CPU
		{d4b3394b-fda2-cd23-da11-266cfafebaad}.Debug|Any CPU.ActiveCfg = Debug|Any CPU
		{d4b3394b-fda2-cd23-da11-266cfafebaad}.Debug|Any CPU.Build.0 = Debug|Any CPU
		{0a3c0279-6636-225b-0819-b4b710b1a28f}.Debug|Any CPU.ActiveCfg = Debug|Any CPU
		{0a3c0279-6636-225b-0819-b4b710b1a28f}.Debug|Any CPU.Build.0 = Debug|Any CPU
		{21f289e2-6238-4d27-0c04-ca980a8f47b8}.Debug|Any CPU.ActiveCfg = Debug|Any CPU
		{21f289e2-6238-4d27-0c04-ca980a8f47b8}.Debug|Any CPU.Build.0 = Debug|Any CPU
		{cb06e2e3-0caa-1cd3-7ff1-0e6195d5304a}.Debug|Any CPU.ActiveCfg = Debug|Any CPU
		{cb06e2e3-0caa-1cd3-7ff1-0e6195d5304a}.Debug|Any CPU.Build.0 = Debug|Any CPU
		{8a89541c-6a5a-9183-117a-dfb10acffc1c}.Debug|Any CPU.ActiveCfg = Debug|Any CPU
		{8a89541c-6a5a-9183-117a-dfb10acffc1c}.Debug|Any CPU.Build.0 = Debug|Any CPU
		{6fa3c0aa-76b2-8578-0d97-0d6b1ae660f2}.Debug|Any CPU.ActiveCfg = Debug|Any CPU
		{6fa3c0aa-76b2-8578-0d97-0d6b1ae660f2}.Debug|Any CPU.Build.0 = Debug|Any CPU
		{43783fef-3fa2-dd04-485e-30e82f0ab6e1}.Debug|Any CPU.ActiveCfg = Debug|Any CPU
		{43783fef-3fa2-dd04-485e-30e82f0ab6e1}.Debug|Any CPU.Build.0 = Debug|Any CPU
		{bc139b8e-299e-72fc-fda4-230a6c9049a3}.Debug|Any CPU.ActiveCfg = Debug|Any CPU
		{bc139b8e-299e-72fc-fda4-230a6c9049a3}.Debug|Any CPU.Build.0 = Debug|Any CPU
		{e2bf1131-d7db-646b-22de-d3a28ff53a62}.Debug|Any CPU.ActiveCfg = Debug|Any CPU
		{e2bf1131-d7db-646b-22de-d3a28ff53a62}.Debug|Any CPU.Build.0 = Debug|Any CPU
	EndGlobalSection
	GlobalSection(SolutionProperties) = preSolution
		HideSolutionNode = FALSE
	EndGlobalSection
EndGlobal
